
Microsoft Visual Studio Solution File, Format Version 12.00
Project("{FAE04EC0-301F-11D3-BF4B-00C04F79EFBC}") = "isdayoff", "isdayoff\isdayoff.csproj", "{EA87B2F1-CCFF-47FA-8E17-29FB79E4583F}"
EndProject
Project("{FAE04EC0-301F-11D3-BF4B-00C04F79EFBC}") = "isdayoff.Tests", "isdayoff.Tests\isdayoff.Tests.csproj", "{76FCBEDF-FDE1-4C4D-83FB-B694423EA61A}"
EndProject
Project("{2150E333-8FDC-42A3-9474-1A3956D46DE8}") = ".github", ".github", "{5BFE32FF-A5E6-430C-9FF8-EDE60337091C}"
	ProjectSection(SolutionItems) = preProject
		.github\CODE_OF_CONDUCT.md = .github\CODE_OF_CONDUCT.md
		.github\PULL_REQUEST_TEMPLATE.md = .github\PULL_REQUEST_TEMPLATE.md
	EndProjectSection
EndProject
Project("{2150E333-8FDC-42A3-9474-1A3956D46DE8}") = "workflows", "workflows", "{4A472E8A-FEA3-4E62-9DD6-F91A1B1F3E5E}"
	ProjectSection(SolutionItems) = preProject
		.github\workflows\build-and-publish.yml = .github\workflows\build-and-publish.yml
		.github\workflows\check-in.yml = .github\workflows\check-in.yml
		.github\workflows\codeql-analysis.yml = .github\workflows\codeql-analysis.yml
	EndProjectSection
EndProject
Project("{2150E333-8FDC-42A3-9474-1A3956D46DE8}") = "ISSUE_TEMPLATE", "ISSUE_TEMPLATE", "{4649628D-6A39-4A61-B364-63E42635B1A0}"
	ProjectSection(SolutionItems) = preProject
		.github\ISSUE_TEMPLATE\---bug-report.md = .github\ISSUE_TEMPLATE\---bug-report.md
		.github\ISSUE_TEMPLATE\---feature-requests.md = .github\ISSUE_TEMPLATE\---feature-requests.md
		.github\ISSUE_TEMPLATE\---questions-and-help.md = .github\ISSUE_TEMPLATE\---questions-and-help.md
	EndProjectSection
EndProject
Global
	GlobalSection(SolutionConfigurationPlatforms) = preSolution
		Debug|Any CPU = Debug|Any CPU
		Release|Any CPU = Release|Any CPU
	EndGlobalSection
	GlobalSection(ProjectConfigurationPlatforms) = postSolution
		{EA87B2F1-CCFF-47FA-8E17-29FB79E4583F}.Debug|Any CPU.ActiveCfg = Debug|Any CPU
		{EA87B2F1-CCFF-47FA-8E17-29FB79E4583F}.Debug|Any CPU.Build.0 = Debug|Any CPU
		{EA87B2F1-CCFF-47FA-8E17-29FB79E4583F}.Release|Any CPU.ActiveCfg = Release|Any CPU
		{EA87B2F1-CCFF-47FA-8E17-29FB79E4583F}.Release|Any CPU.Build.0 = Release|Any CPU
		{76FCBEDF-FDE1-4C4D-83FB-B694423EA61A}.Debug|Any CPU.ActiveCfg = Debug|Any CPU
		{76FCBEDF-FDE1-4C4D-83FB-B694423EA61A}.Debug|Any CPU.Build.0 = Debug|Any CPU
		{76FCBEDF-FDE1-4C4D-83FB-B694423EA61A}.Release|Any CPU.ActiveCfg = Release|Any CPU
		{76FCBEDF-FDE1-4C4D-83FB-B694423EA61A}.Release|Any CPU.Build.0 = Release|Any CPU
	EndGlobalSection
	GlobalSection(NestedProjects) = preSolution
		{4A472E8A-FEA3-4E62-9DD6-F91A1B1F3E5E} = {5BFE32FF-A5E6-430C-9FF8-EDE60337091C}
		{4649628D-6A39-4A61-B364-63E42635B1A0} = {5BFE32FF-A5E6-430C-9FF8-EDE60337091C}
	EndGlobalSection
EndGlobal
